Microsoft Visual Studio Solution File, Format Version 12.00
# Visual Studio Version 17
VisualStudioVersion = 17.10.34916.146
MinimumVisualStudioVersion = 10.0.40219.1
Project("{D954291E-2A0B-460D-934E-DC6B0785DB48}") = "Motion Drag Containers", "Tabs\MotionDragContainer\Motion Drag Containers\Motion Drag Containers.shproj", "{31D6B437-FC0F-4591-8AFE-5EA06184F795}"
EndProject
Project("{FAE04EC0-301F-11D3-BF4B-00C04F79EFBC}") = "Motion Drag Containers.UWP", "Tabs\MotionDragContainer\Motion Drag Containers.UWP\Motion Drag Containers.UWP.csproj", "{62EC7D54-E65A-4FE4-AAF2-1B0B642E52B5}"
EndProject
Project("{9A19103F-16F7-4668-BE54-9A1E7A4F7556}") = "Motion Drag Containers.WASDK", "Tabs\MotionDragContainer\Motion Drag Containers.WASDK\Motion Drag Containers.WASDK.csproj", "{4431D882-F53F-4224-B979-DEF713DF1B72}"
EndProject
Project("{D954291E-2A0B-460D-934E-DC6B0785DB48}") = "UI Data", "Tabs\MotionDragContainer\UI-Data\UI Data\UI Data.shproj", "{466FE9CE-4AC3-4FF6-AC3B-7F50892ADAAC}"
EndProject
Project("{FAE04EC0-301F-11D3-BF4B-00C04F79EFBC}") = "UI Data.UWP", "Tabs\MotionDragContainer\UI-Data\UI Data.UWP\UI Data.UWP.csproj", "{C8527070-B494-4F12-9846-EA196BFA9AFC}"
EndProject
Project("{9A19103F-16F7-4668-BE54-9A1E7A4F7556}") = "UI Data.WASDK", "Tabs\MotionDragContainer\UI-Data\UI Data.WASDK\UI Data.WASDK.csproj", "{FDADE2F6-F88F-4428-A81D-385050FAAFFF}"
EndProject
Project("{2150E333-8FDC-42A3-9474-1A3956D46DE8}") = "Libraries", "Libraries", "{EE63D936-F5E0-41C1-95FF-61D17B21AD96}"
EndProject
Project("{FAE04EC0-301F-11D3-BF4B-00C04F79EFBC}") = "MotionDrag.UWP", "Tabs\MotionDragContainer\MotionDrag\MotionDrag.UWP\MotionDrag.UWP.csproj", "{BAFD130D-1CE6-487D-BCB6-9C4B15081A80}"
EndProject
Project("{9A19103F-16F7-4668-BE54-9A1E7A4F7556}") = "MotionDrag.WASDK", "Tabs\MotionDragContainer\MotionDrag\MotionDrag.WASDK\MotionDrag.WASDK.csproj", "{A73CCB24-07BE-4AA6-A9D4-AA313D6687F6}"
EndProject
Project("{D954291E-2A0B-460D-934E-DC6B0785DB48}") = "MotionDrag", "Tabs\MotionDragContainer\MotionDrag\MotionDrag\MotionDrag.shproj", "{BCF44033-F976-4673-AF5D-545F2C0E83F0}"
EndProject
Project("{D954291E-2A0B-460D-934E-DC6B0785DB48}") = "Windowing", "Tabs\MotionDragContainer\Windowing\Windowing\Windowing.shproj", "{6FD9868A-5C76-448B-8A03-2E0341956523}"
EndProject
Project("{FAE04EC0-301F-11D3-BF4B-00C04F79EFBC}") = "Windowing.UWP", "Tabs\MotionDragContainer\Windowing\Windowing.UWP\Windowing.UWP.csproj", "{E10CC90C-3207-4A75-84DC-A180B4DA9618}"
EndProject
Project("{9A19103F-16F7-4668-BE54-9A1E7A4F7556}") = "Windowing.WASDK", "Tabs\MotionDragContainer\Windowing\Windowing.WASDK\Windowing.WASDK.csproj", "{76C84A46-C4D1-40B0-972C-33D08C292CC1}"
EndProject
Project("{D954291E-2A0B-460D-934E-DC6B0785DB48}") = "Tabs", "Tabs\Tabs\Tabs.shproj", "{A020C352-39AD-4567-BF31-DF5B7EBFACB3}"
EndProject
Project("{FAE04EC0-301F-11D3-BF4B-00C04F79EFBC}") = "Tabs.UWP", "Tabs\Tabs.UWP\Tabs.UWP.csproj", "{2B18D683-0C81-4454-BA04-CA46A5EF800B}"
EndProject
Project("{9A19103F-16F7-4668-BE54-9A1E7A4F7556}") = "Tabs.WASDK", "Tabs\Tabs.WASDK\Tabs.WASDK.csproj", "{8E2537B6-9F41-4D91-B711-83096E458EC5}"
EndProject
Project("{D954291E-2A0B-460D-934E-DC6B0785DB48}") = "TooManyTabs", "TooManyTabs\TooManyTabs.shproj", "{B04FEC95-9AEC-41DB-AED7-6F3B1B0D7073}"
EndProject
Project("{FAE04EC0-301F-11D3-BF4B-00C04F79EFBC}") = "TooManyTabs.UWP", "TooManyTabs.UWP\TooManyTabs.UWP.csproj", "{6143257B-8FE7-42BA-A21B-B914DF273A42}"
EndProject
Project("{9A19103F-16F7-4668-BE54-9A1E7A4F7556}") = "TooManyTabs.WASDK", "TooManyTabs.WASDK\TooManyTabs.WASDK.csproj", "{EF7D8CCF-E6E2-424F-A650-2986D2B732E3}"
EndProject
Project("{FAE04EC0-301F-11D3-BF4B-00C04F79EFBC}") = "TooManyTabs.Test", "TooManyTabs.Test\TooManyTabs.Test.csproj", "{27202DE5-8311-42CC-9F27-67A99CE672D8}"
EndProject
Global
	GlobalSection(SolutionConfigurationPlatforms) = preSolution
		Debug|Any CPU = Debug|Any CPU
		Debug|ARM = Debug|ARM
		Debug|ARM64 = Debug|ARM64
		Debug|x64 = Debug|x64
		Debug|x86 = Debug|x86
		Release|Any CPU = Release|Any CPU
		Release|ARM = Release|ARM
		Release|ARM64 = Release|ARM64
		Release|x64 = Release|x64
		Release|x86 = Release|x86
	EndGlobalSection
	GlobalSection(ProjectConfigurationPlatforms) = postSolution
		{62EC7D54-E65A-4FE4-AAF2-1B0B642E52B5}.Debug|Any CPU.ActiveCfg = Debug|Any CPU
		{62EC7D54-E65A-4FE4-AAF2-1B0B642E52B5}.Debug|Any CPU.Build.0 = Debug|Any CPU
		{62EC7D54-E65A-4FE4-AAF2-1B0B642E52B5}.Debug|ARM.ActiveCfg = Debug|ARM
		{62EC7D54-E65A-4FE4-AAF2-1B0B642E52B5}.Debug|ARM.Build.0 = Debug|ARM
		{62EC7D54-E65A-4FE4-AAF2-1B0B642E52B5}.Debug|ARM64.ActiveCfg = Debug|ARM64
		{62EC7D54-E65A-4FE4-AAF2-1B0B642E52B5}.Debug|ARM64.Build.0 = Debug|ARM64
		{62EC7D54-E65A-4FE4-AAF2-1B0B642E52B5}.Debug|x64.ActiveCfg = Debug|x64
		{62EC7D54-E65A-4FE4-AAF2-1B0B642E52B5}.Debug|x64.Build.0 = Debug|x64
		{62EC7D54-E65A-4FE4-AAF2-1B0B642E52B5}.Debug|x86.ActiveCfg = Debug|x86
		{62EC7D54-E65A-4FE4-AAF2-1B0B642E52B5}.Debug|x86.Build.0 = Debug|x86
		{62EC7D54-E65A-4FE4-AAF2-1B0B642E52B5}.Release|Any CPU.ActiveCfg = Release|Any CPU
		{62EC7D54-E65A-4FE4-AAF2-1B0B642E52B5}.Release|Any CPU.Build.0 = Release|Any CPU
		{62EC7D54-E65A-4FE4-AAF2-1B0B642E52B5}.Release|ARM.ActiveCfg = Release|ARM
		{62EC7D54-E65A-4FE4-AAF2-1B0B642E52B5}.Release|ARM.Build.0 = Release|ARM
		{62EC7D54-E65A-4FE4-AAF2-1B0B642E52B5}.Release|ARM64.ActiveCfg = Release|ARM64
		{62EC7D54-E65A-4FE4-AAF2-1B0B642E52B5}.Release|ARM64.Build.0 = Release|ARM64
		{62EC7D54-E65A-4FE4-AAF2-1B0B642E52B5}.Release|x64.ActiveCfg = Release|x64
		{62EC7D54-E65A-4FE4-AAF2-1B0B642E52B5}.Release|x64.Build.0 = Release|x64
		{62EC7D54-E65A-4FE4-AAF2-1B0B642E52B5}.Release|x86.ActiveCfg = Release|x86
		{62EC7D54-E65A-4FE4-AAF2-1B0B642E52B5}.Release|x86.Build.0 = Release|x86
		{4431D882-F53F-4224-B979-DEF713DF1B72}.Debug|Any CPU.ActiveCfg = Debug|Any CPU
		{4431D882-F53F-4224-B979-DEF713DF1B72}.Debug|Any CPU.Build.0 = Debug|Any CPU
		{4431D882-F53F-4224-B979-DEF713DF1B72}.Debug|ARM.ActiveCfg = Debug|Any CPU
		{4431D882-F53F-4224-B979-DEF713DF1B72}.Debug|ARM.Build.0 = Debug|Any CPU
		{4431D882-F53F-4224-B979-DEF713DF1B72}.Debug|ARM64.ActiveCfg = Debug|Any CPU
		{4431D882-F53F-4224-B979-DEF713DF1B72}.Debug|ARM64.Build.0 = Debug|Any CPU
		{4431D882-F53F-4224-B979-DEF713DF1B72}.Debug|x64.ActiveCfg = Debug|Any CPU
		{4431D882-F53F-4224-B979-DEF713DF1B72}.Debug|x64.Build.0 = Debug|Any CPU
		{4431D882-F53F-4224-B979-DEF713DF1B72}.Debug|x86.ActiveCfg = Debug|Any CPU
		{4431D882-F53F-4224-B979-DEF713DF1B72}.Debug|x86.Build.0 = Debug|Any CPU
		{4431D882-F53F-4224-B979-DEF713DF1B72}.Release|Any CPU.ActiveCfg = Release|Any CPU
		{4431D882-F53F-4224-B979-DEF713DF1B72}.Release|Any CPU.Build.0 = Release|Any CPU
		{4431D882-F53F-4224-B979-DEF713DF1B72}.Release|ARM.ActiveCfg = Release|Any CPU
		{4431D882-F53F-4224-B979-DEF713DF1B72}.Release|ARM.Build.0 = Release|Any CPU
		{4431D882-F53F-4224-B979-DEF713DF1B72}.Release|ARM64.ActiveCfg = Release|Any CPU
		{4431D882-F53F-4224-B979-DEF713DF1B72}.Release|ARM64.Build.0 = Release|Any CPU
		{4431D882-F53F-4224-B979-DEF713DF1B72}.Release|x64.ActiveCfg = Release|Any CPU
		{4431D882-F53F-4224-B979-DEF713DF1B72}.Release|x64.Build.0 = Release|Any CPU
		{4431D882-F53F-4224-B979-DEF713DF1B72}.Release|x86.ActiveCfg = Release|Any CPU
		{4431D882-F53F-4224-B979-DEF713DF1B72}.Release|x86.Build.0 = Release|Any CPU
		{C8527070-B494-4F12-9846-EA196BFA9AFC}.Debug|Any CPU.ActiveCfg = Debug|Any CPU
		{C8527070-B494-4F12-9846-EA196BFA9AFC}.Debug|Any CPU.Build.0 = Debug|Any CPU
		{C8527070-B494-4F12-9846-EA196BFA9AFC}.Debug|ARM.ActiveCfg = Debug|ARM
		{C8527070-B494-4F12-9846-EA196BFA9AFC}.Debug|ARM.Build.0 = Debug|ARM
		{C8527070-B494-4F12-9846-EA196BFA9AFC}.Debug|ARM64.ActiveCfg = Debug|ARM64
		{C8527070-B494-4F12-9846-EA196BFA9AFC}.Debug|ARM64.Build.0 = Debug|ARM64
		{C8527070-B494-4F12-9846-EA196BFA9AFC}.Debug|x64.ActiveCfg = Debug|x64
		{C8527070-B494-4F12-9846-EA196BFA9AFC}.Debug|x64.Build.0 = Debug|x64
		{C8527070-B494-4F12-9846-EA196BFA9AFC}.Debug|x86.ActiveCfg = Debug|x86
		{C8527070-B494-4F12-9846-EA196BFA9AFC}.Debug|x86.Build.0 = Debug|x86
		{C8527070-B494-4F12-9846-EA196BFA9AFC}.Release|Any CPU.ActiveCfg = Release|Any CPU
		{C8527070-B494-4F12-9846-EA196BFA9AFC}.Release|Any CPU.Build.0 = Release|Any CPU
		{C8527070-B494-4F12-9846-EA196BFA9AFC}.Release|ARM.ActiveCfg = Release|ARM
		{C8527070-B494-4F12-9846-EA196BFA9AFC}.Release|ARM.Build.0 = Release|ARM
		{C8527070-B494-4F12-9846-EA196BFA9AFC}.Release|ARM64.ActiveCfg = Release|ARM64
		{C8527070-B494-4F12-9846-EA196BFA9AFC}.Release|ARM64.Build.0 = Release|ARM64
		{C8527070-B494-4F12-9846-EA196BFA9AFC}.Release|x64.ActiveCfg = Release|x64
		{C8527070-B494-4F12-9846-EA196BFA9AFC}.Release|x64.Build.0 = Release|x64
		{C8527070-B494-4F12-9846-EA196BFA9AFC}.Release|x86.ActiveCfg = Release|x86
		{C8527070-B494-4F12-9846-EA196BFA9AFC}.Release|x86.Build.0 = Release|x86
		{FDADE2F6-F88F-4428-A81D-385050FAAFFF}.Debug|Any CPU.ActiveCfg = Debug|Any CPU
		{FDADE2F6-F88F-4428-A81D-385050FAAFFF}.Debug|Any CPU.Build.0 = Debug|Any CPU
		{FDADE2F6-F88F-4428-A81D-385050FAAFFF}.Debug|ARM.ActiveCfg = Debug|Any CPU
		{FDADE2F6-F88F-4428-A81D-385050FAAFFF}.Debug|ARM.Build.0 = Debug|Any CPU
		{FDADE2F6-F88F-4428-A81D-385050FAAFFF}.Debug|ARM64.ActiveCfg = Debug|Any CPU
		{FDADE2F6-F88F-4428-A81D-385050FAAFFF}.Debug|ARM64.Build.0 = Debug|Any CPU
		{FDADE2F6-F88F-4428-A81D-385050FAAFFF}.Debug|x64.ActiveCfg = Debug|Any CPU
		{FDADE2F6-F88F-4428-A81D-385050FAAFFF}.Debug|x64.Build.0 = Debug|Any CPU
		{FDADE2F6-F88F-4428-A81D-385050FAAFFF}.Debug|x86.ActiveCfg = Debug|Any CPU
		{FDADE2F6-F88F-4428-A81D-385050FAAFFF}.Debug|x86.Build.0 = Debug|Any CPU
		{FDADE2F6-F88F-4428-A81D-385050FAAFFF}.Release|Any CPU.ActiveCfg = Release|Any CPU
		{FDADE2F6-F88F-4428-A81D-385050FAAFFF}.Release|Any CPU.Build.0 = Release|Any CPU
		{FDADE2F6-F88F-4428-A81D-385050FAAFFF}.Release|ARM.ActiveCfg = Release|Any CPU
		{FDADE2F6-F88F-4428-A81D-385050FAAFFF}.Release|ARM.Build.0 = Release|Any CPU
		{FDADE2F6-F88F-4428-A81D-385050FAAFFF}.Release|ARM64.ActiveCfg = Release|Any CPU
		{FDADE2F6-F88F-4428-A81D-385050FAAFFF}.Release|ARM64.Build.0 = Release|Any CPU
		{FDADE2F6-F88F-4428-A81D-385050FAAFFF}.Release|x64.ActiveCfg = Release|Any CPU
		{FDADE2F6-F88F-4428-A81D-385050FAAFFF}.Release|x64.Build.0 = Release|Any CPU
		{FDADE2F6-F88F-4428-A81D-385050FAAFFF}.Release|x86.ActiveCfg = Release|Any CPU
		{FDADE2F6-F88F-4428-A81D-385050FAAFFF}.Release|x86.Build.0 = Release|Any CPU
		{BAFD130D-1CE6-487D-BCB6-9C4B15081A80}.Debug|Any CPU.ActiveCfg = Debug|Any CPU
		{BAFD130D-1CE6-487D-BCB6-9C4B15081A80}.Debug|Any CPU.Build.0 = Debug|Any CPU
		{BAFD130D-1CE6-487D-BCB6-9C4B15081A80}.Debug|ARM.ActiveCfg = Debug|ARM
		{BAFD130D-1CE6-487D-BCB6-9C4B15081A80}.Debug|ARM.Build.0 = Debug|ARM
		{BAFD130D-1CE6-487D-BCB6-9C4B15081A80}.Debug|ARM64.ActiveCfg = Debug|ARM64
		{BAFD130D-1CE6-487D-BCB6-9C4B15081A80}.Debug|ARM64.Build.0 = Debug|ARM64
		{BAFD130D-1CE6-487D-BCB6-9C4B15081A80}.Debug|x64.ActiveCfg = Debug|x64
		{BAFD130D-1CE6-487D-BCB6-9C4B15081A80}.Debug|x64.Build.0 = Debug|x64
		{BAFD130D-1CE6-487D-BCB6-9C4B15081A80}.Debug|x86.ActiveCfg = Debug|x86
		{BAFD130D-1CE6-487D-BCB6-9C4B15081A80}.Debug|x86.Build.0 = Debug|x86
		{BAFD130D-1CE6-487D-BCB6-9C4B15081A80}.Release|Any CPU.ActiveCfg = Release|Any CPU
		{BAFD130D-1CE6-487D-BCB6-9C4B15081A80}.Release|Any CPU.Build.0 = Release|Any CPU
		{BAFD130D-1CE6-487D-BCB6-9C4B15081A80}.Release|ARM.ActiveCfg = Release|ARM
		{BAFD130D-1CE6-487D-BCB6-9C4B15081A80}.Release|ARM.Build.0 = Release|ARM
		{BAFD130D-1CE6-487D-BCB6-9C4B15081A80}.Release|ARM64.ActiveCfg = Release|ARM64
		{BAFD130D-1CE6-487D-BCB6-9C4B15081A80}.Release|ARM64.Build.0 = Release|ARM64
		{BAFD130D-1CE6-487D-BCB6-9C4B15081A80}.Release|x64.ActiveCfg = Release|x64
		{BAFD130D-1CE6-487D-BCB6-9C4B15081A80}.Release|x64.Build.0 = Release|x64
		{BAFD130D-1CE6-487D-BCB6-9C4B15081A80}.Release|x86.ActiveCfg = Release|x86
		{BAFD130D-1CE6-487D-BCB6-9C4B15081A80}.Release|x86.Build.0 = Release|x86
		{A73CCB24-07BE-4AA6-A9D4-AA313D6687F6}.Debug|Any CPU.ActiveCfg = Debug|Any CPU
		{A73CCB24-07BE-4AA6-A9D4-AA313D6687F6}.Debug|Any CPU.Build.0 = Debug|Any CPU
		{A73CCB24-07BE-4AA6-A9D4-AA313D6687F6}.Debug|ARM.ActiveCfg = Debug|Any CPU
		{A73CCB24-07BE-4AA6-A9D4-AA313D6687F6}.Debug|ARM.Build.0 = Debug|Any CPU
		{A73CCB24-07BE-4AA6-A9D4-AA313D6687F6}.Debug|ARM64.ActiveCfg = Debug|Any CPU
		{A73CCB24-07BE-4AA6-A9D4-AA313D6687F6}.Debug|ARM64.Build.0 = Debug|Any CPU
		{A73CCB24-07BE-4AA6-A9D4-AA313D6687F6}.Debug|x64.ActiveCfg = Debug|Any CPU
		{A73CCB24-07BE-4AA6-A9D4-AA313D6687F6}.Debug|x64.Build.0 = Debug|Any CPU
		{A73CCB24-07BE-4AA6-A9D4-AA313D6687F6}.Debug|x86.ActiveCfg = Debug|Any CPU
		{A73CCB24-07BE-4AA6-A9D4-AA313D6687F6}.Debug|x86.Build.0 = Debug|Any CPU
		{A73CCB24-07BE-4AA6-A9D4-AA313D6687F6}.Release|Any CPU.ActiveCfg = Release|Any CPU
		{A73CCB24-07BE-4AA6-A9D4-AA313D6687F6}.Release|Any CPU.Build.0 = Release|Any CPU
		{A73CCB24-07BE-4AA6-A9D4-AA313D6687F6}.Release|ARM.ActiveCfg = Release|Any CPU
		{A73CCB24-07BE-4AA6-A9D4-AA313D6687F6}.Release|ARM.Build.0 = Release|Any CPU
		{A73CCB24-07BE-4AA6-A9D4-AA313D6687F6}.Release|ARM64.ActiveCfg = Release|Any CPU
		{A73CCB24-07BE-4AA6-A9D4-AA313D6687F6}.Release|ARM64.Build.0 = Release|Any CPU
		{A73CCB24-07BE-4AA6-A9D4-AA313D6687F6}.Release|x64.ActiveCfg = Release|Any CPU
		{A73CCB24-07BE-4AA6-A9D4-AA313D6687F6}.Release|x64.Build.0 = Release|Any CPU
		{A73CCB24-07BE-4AA6-A9D4-AA313D6687F6}.Release|x86.ActiveCfg = Release|Any CPU
		{A73CCB24-07BE-4AA6-A9D4-AA313D6687F6}.Release|x86.Build.0 = Release|Any CPU
		{E10CC90C-3207-4A75-84DC-A180B4DA9618}.Debug|Any CPU.ActiveCfg = Debug|Any CPU
		{E10CC90C-3207-4A75-84DC-A180B4DA9618}.Debug|Any CPU.Build.0 = Debug|Any CPU
		{E10CC90C-3207-4A75-84DC-A180B4DA9618}.Debug|ARM.ActiveCfg = Debug|ARM
		{E10CC90C-3207-4A75-84DC-A180B4DA9618}.Debug|ARM.Build.0 = Debug|ARM
		{E10CC90C-3207-4A75-84DC-A180B4DA9618}.Debug|ARM64.ActiveCfg = Debug|ARM64
		{E10CC90C-3207-4A75-84DC-A180B4DA9618}.Debug|ARM64.Build.0 = Debug|ARM64
		{E10CC90C-3207-4A75-84DC-A180B4DA9618}.Debug|x64.ActiveCfg = Debug|x64
		{E10CC90C-3207-4A75-84DC-A180B4DA9618}.Debug|x64.Build.0 = Debug|x64
		{E10CC90C-3207-4A75-84DC-A180B4DA9618}.Debug|x86.ActiveCfg = Debug|x86
		{E10CC90C-3207-4A75-84DC-A180B4DA9618}.Debug|x86.Build.0 = Debug|x86
		{E10CC90C-3207-4A75-84DC-A180B4DA9618}.Release|Any CPU.ActiveCfg = Release|Any CPU
		{E10CC90C-3207-4A75-84DC-A180B4DA9618}.Release|Any CPU.Build.0 = Release|Any CPU
		{E10CC90C-3207-4A75-84DC-A180B4DA9618}.Release|ARM.ActiveCfg = Release|ARM
		{E10CC90C-3207-4A75-84DC-A180B4DA9618}.Release|ARM.Build.0 = Release|ARM
		{E10CC90C-3207-4A75-84DC-A180B4DA9618}.Release|ARM64.ActiveCfg = Release|ARM64
		{E10CC90C-3207-4A75-84DC-A180B4DA9618}.Release|ARM64.Build.0 = Release|ARM64
		{E10CC90C-3207-4A75-84DC-A180B4DA9618}.Release|x64.ActiveCfg = Release|x64
		{E10CC90C-3207-4A75-84DC-A180B4DA9618}.Release|x64.Build.0 = Release|x64
		{E10CC90C-3207-4A75-84DC-A180B4DA9618}.Release|x86.ActiveCfg = Release|x86
		{E10CC90C-3207-4A75-84DC-A180B4DA9618}.Release|x86.Build.0 = Release|x86
		{76C84A46-C4D1-40B0-972C-33D08C292CC1}.Debug|Any CPU.ActiveCfg = Debug|Any CPU
		{76C84A46-C4D1-40B0-972C-33D08C292CC1}.Debug|Any CPU.Build.0 = Debug|Any CPU
		{76C84A46-C4D1-40B0-972C-33D08C292CC1}.Debug|ARM.ActiveCfg = Debug|Any CPU
		{76C84A46-C4D1-40B0-972C-33D08C292CC1}.Debug|ARM.Build.0 = Debug|Any CPU
		{76C84A46-C4D1-40B0-972C-33D08C292CC1}.Debug|ARM64.ActiveCfg = Debug|Any CPU
		{76C84A46-C4D1-40B0-972C-33D08C292CC1}.Debug|ARM64.Build.0 = Debug|Any CPU
		{76C84A46-C4D1-40B0-972C-33D08C292CC1}.Debug|x64.ActiveCfg = Debug|Any CPU
		{76C84A46-C4D1-40B0-972C-33D08C292CC1}.Debug|x64.Build.0 = Debug|Any CPU
		{76C84A46-C4D1-40B0-972C-33D08C292CC1}.Debug|x86.ActiveCfg = Debug|Any CPU
		{76C84A46-C4D1-40B0-972C-33D08C292CC1}.Debug|x86.Build.0 = Debug|Any CPU
		{76C84A46-C4D1-40B0-972C-33D08C292CC1}.Release|Any CPU.ActiveCfg = Release|Any CPU
		{76C84A46-C4D1-40B0-972C-33D08C292CC1}.Release|Any CPU.Build.0 = Release|Any CPU
		{76C84A46-C4D1-40B0-972C-33D08C292CC1}.Release|ARM.ActiveCfg = Release|Any CPU
		{76C84A46-C4D1-40B0-972C-33D08C292CC1}.Release|ARM.Build.0 = Release|Any CPU
		{76C84A46-C4D1-40B0-972C-33D08C292CC1}.Release|ARM64.ActiveCfg = Release|Any CPU
		{76C84A46-C4D1-40B0-972C-33D08C292CC1}.Release|ARM64.Build.0 = Release|Any CPU
		{76C84A46-C4D1-40B0-972C-33D08C292CC1}.Release|x64.ActiveCfg = Release|Any CPU
		{76C84A46-C4D1-40B0-972C-33D08C292CC1}.Release|x64.Build.0 = Release|Any CPU
		{76C84A46-C4D1-40B0-972C-33D08C292CC1}.Release|x86.ActiveCfg = Release|Any CPU
		{76C84A46-C4D1-40B0-972C-33D08C292CC1}.Release|x86.Build.0 = Release|Any CPU
		{2B18D683-0C81-4454-BA04-CA46A5EF800B}.Debug|Any CPU.ActiveCfg = Debug|Any CPU
		{2B18D683-0C81-4454-BA04-CA46A5EF800B}.Debug|Any CPU.Build.0 = Debug|Any CPU
		{2B18D683-0C81-4454-BA04-CA46A5EF800B}.Debug|ARM.ActiveCfg = Debug|ARM
		{2B18D683-0C81-4454-BA04-CA46A5EF800B}.Debug|ARM.Build.0 = Debug|ARM
		{2B18D683-0C81-4454-BA04-CA46A5EF800B}.Debug|ARM64.ActiveCfg = Debug|ARM64
		{2B18D683-0C81-4454-BA04-CA46A5EF800B}.Debug|ARM64.Build.0 = Debug|ARM64
		{2B18D683-0C81-4454-BA04-CA46A5EF800B}.Debug|x64.ActiveCfg = Debug|x64
		{2B18D683-0C81-4454-BA04-CA46A5EF800B}.Debug|x64.Build.0 = Debug|x64
		{2B18D683-0C81-4454-BA04-CA46A5EF800B}.Debug|x86.ActiveCfg = Debug|x86
		{2B18D683-0C81-4454-BA04-CA46A5EF800B}.Debug|x86.Build.0 = Debug|x86
		{2B18D683-0C81-4454-BA04-CA46A5EF800B}.Release|Any CPU.ActiveCfg = Release|Any CPU
		{2B18D683-0C81-4454-BA04-CA46A5EF800B}.Release|Any CPU.Build.0 = Release|Any CPU
		{2B18D683-0C81-4454-BA04-CA46A5EF800B}.Release|ARM.ActiveCfg = Release|ARM
		{2B18D683-0C81-4454-BA04-CA46A5EF800B}.Release|ARM.Build.0 = Release|ARM
		{2B18D683-0C81-4454-BA04-CA46A5EF800B}.Release|ARM64.ActiveCfg = Release|ARM64
		{2B18D683-0C81-4454-BA04-CA46A5EF800B}.Release|ARM64.Build.0 = Release|ARM64
		{2B18D683-0C81-4454-BA04-CA46A5EF800B}.Release|x64.ActiveCfg = Release|x64
		{2B18D683-0C81-4454-BA04-CA46A5EF800B}.Release|x64.Build.0 = Release|x64
		{2B18D683-0C81-4454-BA04-CA46A5EF800B}.Release|x86.ActiveCfg = Release|x86
		{2B18D683-0C81-4454-BA04-CA46A5EF800B}.Release|x86.Build.0 = Release|x86
		{8E2537B6-9F41-4D91-B711-83096E458EC5}.Debug|Any CPU.ActiveCfg = Debug|Any CPU
		{8E2537B6-9F41-4D91-B711-83096E458EC5}.Debug|Any CPU.Build.0 = Debug|Any CPU
		{8E2537B6-9F41-4D91-B711-83096E458EC5}.Debug|ARM.ActiveCfg = Debug|Any CPU
		{8E2537B6-9F41-4D91-B711-83096E458EC5}.Debug|ARM.Build.0 = Debug|Any CPU
		{8E2537B6-9F41-4D91-B711-83096E458EC5}.Debug|ARM64.ActiveCfg = Debug|Any CPU
		{8E2537B6-9F41-4D91-B711-83096E458EC5}.Debug|ARM64.Build.0 = Debug|Any CPU
		{8E2537B6-9F41-4D91-B711-83096E458EC5}.Debug|x64.ActiveCfg = Debug|Any CPU
		{8E2537B6-9F41-4D91-B711-83096E458EC5}.Debug|x64.Build.0 = Debug|Any CPU
		{8E2537B6-9F41-4D91-B711-83096E458EC5}.Debug|x86.ActiveCfg = Debug|Any CPU
		{8E2537B6-9F41-4D91-B711-83096E458EC5}.Debug|x86.Build.0 = Debug|Any CPU
		{8E2537B6-9F41-4D91-B711-83096E458EC5}.Release|Any CPU.ActiveCfg = Release|Any CPU
		{8E2537B6-9F41-4D91-B711-83096E458EC5}.Release|Any CPU.Build.0 = Release|Any CPU
		{8E2537B6-9F41-4D91-B711-83096E458EC5}.Release|ARM.ActiveCfg = Release|Any CPU
		{8E2537B6-9F41-4D91-B711-83096E458EC5}.Release|ARM.Build.0 = Release|Any CPU
		{8E2537B6-9F41-4D91-B711-83096E458EC5}.Release|ARM64.ActiveCfg = Release|Any CPU
		{8E2537B6-9F41-4D91-B711-83096E458EC5}.Release|ARM64.Build.0 = Release|Any CPU
		{8E2537B6-9F41-4D91-B711-83096E458EC5}.Release|x64.ActiveCfg = Release|Any CPU
		{8E2537B6-9F41-4D91-B711-83096E458EC5}.Release|x64.Build.0 = Release|Any CPU
		{8E2537B6-9F41-4D91-B711-83096E458EC5}.Release|x86.ActiveCfg = Release|Any CPU
		{8E2537B6-9F41-4D91-B711-83096E458EC5}.Release|x86.Build.0 = Release|Any CPU
		{6143257B-8FE7-42BA-A21B-B914DF273A42}.Debug|Any CPU.ActiveCfg = Debug|Any CPU
		{6143257B-8FE7-42BA-A21B-B914DF273A42}.Debug|Any CPU.Build.0 = Debug|Any CPU
		{6143257B-8FE7-42BA-A21B-B914DF273A42}.Debug|ARM.ActiveCfg = Debug|ARM
		{6143257B-8FE7-42BA-A21B-B914DF273A42}.Debug|ARM.Build.0 = Debug|ARM
		{6143257B-8FE7-42BA-A21B-B914DF273A42}.Debug|ARM64.ActiveCfg = Debug|ARM64
		{6143257B-8FE7-42BA-A21B-B914DF273A42}.Debug|ARM64.Build.0 = Debug|ARM64
		{6143257B-8FE7-42BA-A21B-B914DF273A42}.Debug|x64.ActiveCfg = Debug|x64
		{6143257B-8FE7-42BA-A21B-B914DF273A42}.Debug|x64.Build.0 = Debug|x64
		{6143257B-8FE7-42BA-A21B-B914DF273A42}.Debug|x86.ActiveCfg = Debug|x86
		{6143257B-8FE7-42BA-A21B-B914DF273A42}.Debug|x86.Build.0 = Debug|x86
		{6143257B-8FE7-42BA-A21B-B914DF273A42}.Release|Any CPU.ActiveCfg = Release|Any CPU
		{6143257B-8FE7-42BA-A21B-B914DF273A42}.Release|Any CPU.Build.0 = Release|Any CPU
		{6143257B-8FE7-42BA-A21B-B914DF273A42}.Release|ARM.ActiveCfg = Release|ARM
		{6143257B-8FE7-42BA-A21B-B914DF273A42}.Release|ARM.Build.0 = Release|ARM
		{6143257B-8FE7-42BA-A21B-B914DF273A42}.Release|ARM64.ActiveCfg = Release|ARM64
		{6143257B-8FE7-42BA-A21B-B914DF273A42}.Release|ARM64.Build.0 = Release|ARM64
		{6143257B-8FE7-42BA-A21B-B914DF273A42}.Release|x64.ActiveCfg = Release|x64
		{6143257B-8FE7-42BA-A21B-B914DF273A42}.Release|x64.Build.0 = Release|x64
		{6143257B-8FE7-42BA-A21B-B914DF273A42}.Release|x86.ActiveCfg = Release|x86
		{6143257B-8FE7-42BA-A21B-B914DF273A42}.Release|x86.Build.0 = Release|x86
		{EF7D8CCF-E6E2-424F-A650-2986D2B732E3}.Debug|Any CPU.ActiveCfg = Debug|Any CPU
		{EF7D8CCF-E6E2-424F-A650-2986D2B732E3}.Debug|Any CPU.Build.0 = Debug|Any CPU
		{EF7D8CCF-E6E2-424F-A650-2986D2B732E3}.Debug|ARM.ActiveCfg = Debug|Any CPU
		{EF7D8CCF-E6E2-424F-A650-2986D2B732E3}.Debug|ARM.Build.0 = Debug|Any CPU
		{EF7D8CCF-E6E2-424F-A650-2986D2B732E3}.Debug|ARM64.ActiveCfg = Debug|Any CPU
		{EF7D8CCF-E6E2-424F-A650-2986D2B732E3}.Debug|ARM64.Build.0 = Debug|Any CPU
		{EF7D8CCF-E6E2-424F-A650-2986D2B732E3}.Debug|x64.ActiveCfg = Debug|Any CPU
		{EF7D8CCF-E6E2-424F-A650-2986D2B732E3}.Debug|x64.Build.0 = Debug|Any CPU
		{EF7D8CCF-E6E2-424F-A650-2986D2B732E3}.Debug|x86.ActiveCfg = Debug|Any CPU
		{EF7D8CCF-E6E2-424F-A650-2986D2B732E3}.Debug|x86.Build.0 = Debug|Any CPU
		{EF7D8CCF-E6E2-424F-A650-2986D2B732E3}.Release|Any CPU.ActiveCfg = Release|Any CPU
		{EF7D8CCF-E6E2-424F-A650-2986D2B732E3}.Release|Any CPU.Build.0 = Release|Any CPU
		{EF7D8CCF-E6E2-424F-A650-2986D2B732E3}.Release|ARM.ActiveCfg = Release|Any CPU
		{EF7D8CCF-E6E2-424F-A650-2986D2B732E3}.Release|ARM.Build.0 = Release|Any CPU
		{EF7D8CCF-E6E2-424F-A650-2986D2B732E3}.Release|ARM64.ActiveCfg = Release|Any CPU
		{EF7D8CCF-E6E2-424F-A650-2986D2B732E3}.Release|ARM64.Build.0 = Release|Any CPU
		{EF7D8CCF-E6E2-424F-A650-2986D2B732E3}.Release|x64.ActiveCfg = Release|Any CPU
		{EF7D8CCF-E6E2-424F-A650-2986D2B732E3}.Release|x64.Build.0 = Release|Any CPU
		{EF7D8CCF-E6E2-424F-A650-2986D2B732E3}.Release|x86.ActiveCfg = Release|Any CPU
		{EF7D8CCF-E6E2-424F-A650-2986D2B732E3}.Release|x86.Build.0 = Release|Any CPU
		{27202DE5-8311-42CC-9F27-67A99CE672D8}.Debug|Any CPU.ActiveCfg = Debug|x64
		{27202DE5-8311-42CC-9F27-67A99CE672D8}.Debug|Any CPU.Build.0 = Debug|x64
		{27202DE5-8311-42CC-9F27-67A99CE672D8}.Debug|Any CPU.Deploy.0 = Debug|x64
		{27202DE5-8311-42CC-9F27-67A99CE672D8}.Debug|ARM.ActiveCfg = Debug|x64
		{27202DE5-8311-42CC-9F27-67A99CE672D8}.Debug|ARM.Build.0 = Debug|x64
		{27202DE5-8311-42CC-9F27-67A99CE672D8}.Debug|ARM.Deploy.0 = Debug|x64
		{27202DE5-8311-42CC-9F27-67A99CE672D8}.Debug|ARM64.ActiveCfg = Debug|ARM64
		{27202DE5-8311-42CC-9F27-67A99CE672D8}.Debug|ARM64.Build.0 = Debug|ARM64
		{27202DE5-8311-42CC-9F27-67A99CE672D8}.Debug|ARM64.Deploy.0 = Debug|ARM64
		{27202DE5-8311-42CC-9F27-67A99CE672D8}.Debug|x64.ActiveCfg = Debug|x64
		{27202DE5-8311-42CC-9F27-67A99CE672D8}.Debug|x64.Build.0 = Debug|x64
		{27202DE5-8311-42CC-9F27-67A99CE672D8}.Debug|x64.Deploy.0 = Debug|x64
		{27202DE5-8311-42CC-9F27-67A99CE672D8}.Debug|x86.ActiveCfg = Debug|x86
		{27202DE5-8311-42CC-9F27-67A99CE672D8}.Debug|x86.Build.0 = Debug|x86
		{27202DE5-8311-42CC-9F27-67A99CE672D8}.Debug|x86.Deploy.0 = Debug|x86
		{27202DE5-8311-42CC-9F27-67A99CE672D8}.Release|Any CPU.ActiveCfg = Release|x64
		{27202DE5-8311-42CC-9F27-67A99CE672D8}.Release|Any CPU.Build.0 = Release|x64
		{27202DE5-8311-42CC-9F27-67A99CE672D8}.Release|Any CPU.Deploy.0 = Release|x64
		{27202DE5-8311-42CC-9F27-67A99CE672D8}.Release|ARM.ActiveCfg = Release|x64
		{27202DE5-8311-42CC-9F27-67A99CE672D8}.Release|ARM.Build.0 = Release|x64
		{27202DE5-8311-42CC-9F27-67A99CE672D8}.Release|ARM.Deploy.0 = Release|x64
		{27202DE5-8311-42CC-9F27-67A99CE672D8}.Release|ARM64.ActiveCfg = Release|ARM64
		{27202DE5-8311-42CC-9F27-67A99CE672D8}.Release|ARM64.Build.0 = Release|ARM64
		{27202DE5-8311-42CC-9F27-67A99CE672D8}.Release|ARM64.Deploy.0 = Release|ARM64
		{27202DE5-8311-42CC-9F27-67A99CE672D8}.Release|x64.ActiveCfg = Release|x64
		{27202DE5-8311-42CC-9F27-67A99CE672D8}.Release|x64.Build.0 = Release|x64
		{27202DE5-8311-42CC-9F27-67A99CE672D8}.Release|x64.Deploy.0 = Release|x64
		{27202DE5-8311-42CC-9F27-67A99CE672D8}.Release|x86.ActiveCfg = Release|x86
		{27202DE5-8311-42CC-9F27-67A99CE672D8}.Release|x86.Build.0 = Release|x86
		{27202DE5-8311-42CC-9F27-67A99CE672D8}.Release|x86.Deploy.0 = Release|x86
	EndGlobalSection
	GlobalSection(SolutionProperties) = preSolution
		HideSolutionNode = FALSE
	EndGlobalSection
	GlobalSection(NestedProjects) = preSolution
		{31D6B437-FC0F-4591-8AFE-5EA06184F795} = {EE63D936-F5E0-41C1-95FF-61D17B21AD96}
		{62EC7D54-E65A-4FE4-AAF2-1B0B642E52B5} = {EE63D936-F5E0-41C1-95FF-61D17B21AD96}
		{4431D882-F53F-4224-B979-DEF713DF1B72} = {EE63D936-F5E0-41C1-95FF-61D17B21AD96}
		{466FE9CE-4AC3-4FF6-AC3B-7F50892ADAAC} = {EE63D936-F5E0-41C1-95FF-61D17B21AD96}
		{C8527070-B494-4F12-9846-EA196BFA9AFC} = {EE63D936-F5E0-41C1-95FF-61D17B21AD96}
		{FDADE2F6-F88F-4428-A81D-385050FAAFFF} = {EE63D936-F5E0-41C1-95FF-61D17B21AD96}
		{BAFD130D-1CE6-487D-BCB6-9C4B15081A80} = {EE63D936-F5E0-41C1-95FF-61D17B21AD96}
		{A73CCB24-07BE-4AA6-A9D4-AA313D6687F6} = {EE63D936-F5E0-41C1-95FF-61D17B21AD96}
		{BCF44033-F976-4673-AF5D-545F2C0E83F0} = {EE63D936-F5E0-41C1-95FF-61D17B21AD96}
		{6FD9868A-5C76-448B-8A03-2E0341956523} = {EE63D936-F5E0-41C1-95FF-61D17B21AD96}
		{E10CC90C-3207-4A75-84DC-A180B4DA9618} = {EE63D936-F5E0-41C1-95FF-61D17B21AD96}
		{76C84A46-C4D1-40B0-972C-33D08C292CC1} = {EE63D936-F5E0-41C1-95FF-61D17B21AD96}
		{A020C352-39AD-4567-BF31-DF5B7EBFACB3} = {EE63D936-F5E0-41C1-95FF-61D17B21AD96}
		{2B18D683-0C81-4454-BA04-CA46A5EF800B} = {EE63D936-F5E0-41C1-95FF-61D17B21AD96}
		{8E2537B6-9F41-4D91-B711-83096E458EC5} = {EE63D936-F5E0-41C1-95FF-61D17B21AD96}
	EndGlobalSection
	GlobalSection(ExtensibilityGlobals) = postSolution
		SolutionGuid = {ba4b08d4-9a1d-4c38-a85e-e948b409e58f}
	EndGlobalSection
	GlobalSection(SharedMSBuildProjectFiles) = preSolution
		Tabs\Tabs\Tabs.projitems*{2b18d683-0c81-4454-ba04-ca46a5ef800b}*SharedItemsImports = 4
		Tabs\MotionDragContainer\Motion Drag Containers\Motion Drag Containers.projitems*{31d6b437-fc0f-4591-8afe-5ea06184f795}*SharedItemsImports = 13
		Tabs\MotionDragContainer\Motion Drag Containers\Motion Drag Containers.projitems*{4431d882-f53f-4224-b979-def713df1b72}*SharedItemsImports = 5
		Tabs\MotionDragContainer\UI-Data\UI Data\UI Data.projitems*{466fe9ce-4ac3-4ff6-ac3b-7f50892adaac}*SharedItemsImports = 13
		TooManyTabs\TooManyTabs.projitems*{6143257b-8fe7-42ba-a21b-b914df273a42}*SharedItemsImports = 4
		Tabs\MotionDragContainer\Motion Drag Containers\Motion Drag Containers.projitems*{62ec7d54-e65a-4fe4-aaf2-1b0b642e52b5}*SharedItemsImports = 4
		Tabs\MotionDragContainer\Windowing\Windowing\Windowing.projitems*{6fd9868a-5c76-448b-8a03-2e0341956523}*SharedItemsImports = 13
		Tabs\MotionDragContainer\Windowing\Windowing\Windowing.projitems*{76c84a46-c4d1-40b0-972c-33d08c292cc1}*SharedItemsImports = 5
		Tabs\Tabs\Tabs.projitems*{8e2537b6-9f41-4d91-b711-83096e458ec5}*SharedItemsImports = 5
		Tabs\Tabs\Tabs.projitems*{a020c352-39ad-4567-bf31-df5b7ebfacb3}*SharedItemsImports = 13
		Tabs\MotionDragContainer\MotionDrag\MotionDrag\MotionDrag.projitems*{a73ccb24-07be-4aa6-a9d4-aa313d6687f6}*SharedItemsImports = 5
		TooManyTabs\TooManyTabs.projitems*{b04fec95-9aec-41db-aed7-6f3b1b0d7073}*SharedItemsImports = 13
		Tabs\MotionDragContainer\MotionDrag\MotionDrag\MotionDrag.projitems*{bafd130d-1ce6-487d-bcb6-9c4b15081a80}*SharedItemsImports = 4
		Tabs\MotionDragContainer\MotionDrag\MotionDrag\MotionDrag.projitems*{bcf44033-f976-4673-af5d-545f2c0e83f0}*SharedItemsImports = 13
		Tabs\MotionDragContainer\UI-Data\UI Data\UI Data.projitems*{c8527070-b494-4f12-9846-ea196bfa9afc}*SharedItemsImports = 4
		Tabs\MotionDragContainer\Windowing\Windowing\Windowing.projitems*{e10cc90c-3207-4a75-84dc-a180b4da9618}*SharedItemsImports = 4
		TooManyTabs\TooManyTabs.projitems*{ef7d8ccf-e6e2-424f-a650-2986d2b732e3}*SharedItemsImports = 5
		Tabs\MotionDragContainer\UI-Data\UI Data\UI Data.projitems*{fdade2f6-f88f-4428-a81d-385050faafff}*SharedItemsImports = 5
	EndGlobalSection
EndGlobal
